
Microsoft Visual Studio Solution File, Format Version 12.00
# Visual Studio 15
VisualStudioVersion = 15.0.28307.1062
MinimumVisualStudioVersion = 10.0.40219.1
Project("{8BC9CEB8-8B4A-11D0-8D11-00A0C91BC942}") = "SpeedTrading", "SpeedTrading\SpeedTrading.vcxproj", "{BB850B19-0E0A-4A72-9D27-1B1FF2207E63}"
EndProject
Global
	GlobalSection(SolutionConfigurationPlatforms) = preSolution
		Debug|x64 = Debug|x64
		Debug|x86 = Debug|x86
		Release|x64 = Release|x64
		Release|x86 = Release|x86
	EndGlobalSection
	GlobalSection(ProjectConfigurationPlatforms) = postSolution
		{BB850B19-0E0A-4A72-9D27-1B1FF2207E63}.Debug|x64.ActiveCfg = Debug|x64
		{BB850B19-0E0A-4A72-9D27-1B1FF2207E63}.Debug|x64.Build.0 = Debug|x64
		{BB850B19-0E0A-4A72-9D27-1B1FF2207E63}.Debug|x86.ActiveCfg = Debug|Win32
		{BB850B19-0E0A-4A72-9D27-1B1FF2207E63}.Debug|x86.Build.0 = Debug|Win32
		{BB850B19-0E0A-4A72-9D27-1B1FF2207E63}.Release|x64.ActiveCfg = Release|x64
		{BB850B19-0E0A-4A72-9D27-1B1FF2207E63}.Release|x64.Build.0 = Release|x64
		{BB850B19-0E0A-4A72-9D27-1B1FF2207E63}.Release|x86.ActiveCfg = Release|Win32
		{BB850B19-0E0A-4A72-9D27-1B1FF2207E63}.Release|x86.Build.0 = Release|Win32
	EndGlobalSection
	GlobalSection(SolutionProperties) = preSolution
		HideSolutionNode = FALSE
	EndGlobalSection
	GlobalSection(ExtensibilityGlobals) = postSolution
		SolutionGuid = {9F532D92-7EE2-456C-BBC2-7D187C0B23D0}
	EndGlobalSection
EndGlobal
